
Microsoft Visual Studio Solution File, Format Version 12.00
# Visual Studio Version 17
VisualStudioVersion = 17.2.32505.173
MinimumVisualStudioVersion = 10.0.40219.1
Project("{FAE04EC0-301F-11D3-BF4B-00C04F79EFBC}") = "OrchidSocietyAuctions", "OrchidSocietyAuctions\OrchidSocietyAuctions\OrchidSocietyAuctions.csproj", "{6B854106-597D-43F2-B4EA-4879913DF17B}"
EndProject
Global
	GlobalSection(SolutionConfigurationPlatforms) = preSolution
		Debug|Any CPU = Debug|Any CPU
		Release|Any CPU = Release|Any CPU
	EndGlobalSection
	GlobalSection(ProjectConfigurationPlatforms) = postSolution
		{6B854106-597D-43F2-B4EA-4879913DF17B}.Debug|Any CPU.ActiveCfg = Debug|Any CPU
		{6B854106-597D-43F2-B4EA-4879913DF17B}.Debug|Any CPU.Build.0 = Debug|Any CPU
		{6B854106-597D-43F2-B4EA-4879913DF17B}.Release|Any CPU.ActiveCfg = Release|Any CPU
		{6B854106-597D-43F2-B4EA-4879913DF17B}.Release|Any CPU.Build.0 = Release|Any CPU
	EndGlobalSection
	GlobalSection(SolutionProperties) = preSolution
		HideSolutionNode = FALSE
	EndGlobalSection
	GlobalSection(ExtensibilityGlobals) = postSolution
		SolutionGuid = {39CDB41B-CE09-4F6D-9FFB-56A5879CA59E}
	EndGlobalSection
EndGlobal
